
Microsoft Visual Studio Solution File, Format Version 12.00
Project("{FAE04EC0-301F-11D3-BF4B-00C04F79EFBC}") = "SomeProject", "SomeProject\SomeProject.csproj", "{826CAAB7-1D06-4DC2-9DEB-1D3CFC669411}"
EndProject
Project("{FAE04EC0-301F-11D3-BF4B-00C04F79EFBC}") = "SomeProject.Tests", "SomeProject.Tests\SomeProject.Tests.csproj", "{D7DC6173-E2A9-4599-B980-5E850288D55B}"
EndProject
Global
	GlobalSection(SolutionConfigurationPlatforms) = preSolution
		Debug|Any CPU = Debug|Any CPU
		Release|Any CPU = Release|Any CPU
	EndGlobalSection
	GlobalSection(ProjectConfigurationPlatforms) = postSolution
		{826CAAB7-1D06-4DC2-9DEB-1D3CFC669411}.Debug|Any CPU.ActiveCfg = Debug|Any CPU
		{826CAAB7-1D06-4DC2-9DEB-1D3CFC669411}.Debug|Any CPU.Build.0 = Debug|Any CPU
		{826CAAB7-1D06-4DC2-9DEB-1D3CFC669411}.Release|Any CPU.ActiveCfg = Release|Any CPU
		{826CAAB7-1D06-4DC2-9DEB-1D3CFC669411}.Release|Any CPU.Build.0 = Release|Any CPU
		{D7DC6173-E2A9-4599-B980-5E850288D55B}.Debug|Any CPU.ActiveCfg = Debug|Any CPU
		{D7DC6173-E2A9-4599-B980-5E850288D55B}.Debug|Any CPU.Build.0 = Debug|Any CPU
		{D7DC6173-E2A9-4599-B980-5E850288D55B}.Release|Any CPU.ActiveCfg = Release|Any CPU
		{D7DC6173-E2A9-4599-B980-5E850288D55B}.Release|Any CPU.Build.0 = Release|Any CPU
	EndGlobalSection
EndGlobal
