
Microsoft Visual Studio Solution File, Format Version 12.00
# Visual Studio Version 16
VisualStudioVersion = 16.0.31729.503
MinimumVisualStudioVersion = 10.0.40219.1
Project("{FAE04EC0-301F-11D3-BF4B-00C04F79EFBC}") = "telegram-bot", "telegram-bot\telegram-bot.csproj", "{017BEFC8-B2F6-4EB0-A0B1-5F01A2234BB8}"
EndProject
Global
	GlobalSection(SolutionConfigurationPlatforms) = preSolution
		Debug|Any CPU = Debug|Any CPU
		Release|Any CPU = Release|Any CPU
	EndGlobalSection
	GlobalSection(ProjectConfigurationPlatforms) = postSolution
		{017BEFC8-B2F6-4EB0-A0B1-5F01A2234BB8}.Debug|Any CPU.ActiveCfg = Debug|Any CPU
		{017BEFC8-B2F6-4EB0-A0B1-5F01A2234BB8}.Debug|Any CPU.Build.0 = Debug|Any CPU
		{017BEFC8-B2F6-4EB0-A0B1-5F01A2234BB8}.Release|Any CPU.ActiveCfg = Release|Any CPU
		{017BEFC8-B2F6-4EB0-A0B1-5F01A2234BB8}.Release|Any CPU.Build.0 = Release|Any CPU
	EndGlobalSection
	GlobalSection(SolutionProperties) = preSolution
		HideSolutionNode = FALSE
	EndGlobalSection
	GlobalSection(ExtensibilityGlobals) = postSolution
		SolutionGuid = {2096DCD2-BEF1-4A36-B74B-1554E63CB61A}
	EndGlobalSection
EndGlobal
